
Microsoft Visual Studio Solution File, Format Version 12.00
# Visual Studio Version 16
VisualStudioVersion = 16.0.30309.148
MinimumVisualStudioVersion = 10.0.40219.1
Project("{FAE04EC0-301F-11D3-BF4B-00C04F79EFBC}") = "WarriorWars", "Warriors\WarriorWars.csproj", "{EA3B2B97-10B9-4728-85EE-B6C36D49E59C}"
EndProject
Global
	GlobalSection(SolutionConfigurationPlatforms) = preSolution
		Debug|Any CPU = Debug|Any CPU
		Release|Any CPU = Release|Any CPU
	EndGlobalSection
	GlobalSection(ProjectConfigurationPlatforms) = postSolution
		{EA3B2B97-10B9-4728-85EE-B6C36D49E59C}.Debug|Any CPU.ActiveCfg = Debug|Any CPU
		{EA3B2B97-10B9-4728-85EE-B6C36D49E59C}.Debug|Any CPU.Build.0 = Debug|Any CPU
		{EA3B2B97-10B9-4728-85EE-B6C36D49E59C}.Release|Any CPU.ActiveCfg = Release|Any CPU
		{EA3B2B97-10B9-4728-85EE-B6C36D49E59C}.Release|Any CPU.Build.0 = Release|Any CPU
	EndGlobalSection
	GlobalSection(SolutionProperties) = preSolution
		HideSolutionNode = FALSE
	EndGlobalSection
	GlobalSection(ExtensibilityGlobals) = postSolution
		SolutionGuid = {542592A2-024F-43DD-96B0-C1DB780DDDAA}
	EndGlobalSection
EndGlobal
